
Microsoft Visual Studio Solution File, Format Version 12.00
# Visual Studio Express 15 for Windows Desktop
VisualStudioVersion = 15.0.28307.438
MinimumVisualStudioVersion = 10.0.40219.1
Project("{FAE04EC0-301F-11D3-BF4B-00C04F79EFBC}") = "GuiMaster", "GuiMaster\GuiMaster.csproj", "{394E5E79-9076-4EBC-921E-E278E8005784}"
EndProject
Global
	GlobalSection(SolutionConfigurationPlatforms) = preSolution
		Debug|Any CPU = Debug|Any CPU
		Release|Any CPU = Release|Any CPU
	EndGlobalSection
	GlobalSection(ProjectConfigurationPlatforms) = postSolution
		{394E5E79-9076-4EBC-921E-E278E8005784}.Debug|Any CPU.ActiveCfg = Debug|Any CPU
		{394E5E79-9076-4EBC-921E-E278E8005784}.Debug|Any CPU.Build.0 = Debug|Any CPU
		{394E5E79-9076-4EBC-921E-E278E8005784}.Release|Any CPU.ActiveCfg = Release|Any CPU
		{394E5E79-9076-4EBC-921E-E278E8005784}.Release|Any CPU.Build.0 = Release|Any CPU
	EndGlobalSection
	GlobalSection(SolutionProperties) = preSolution
		HideSolutionNode = FALSE
	EndGlobalSection
	GlobalSection(ExtensibilityGlobals) = postSolution
		SolutionGuid = {933362FF-CE97-467C-952D-3AD661F612EA}
	EndGlobalSection
EndGlobal
